
Microsoft Visual Studio Solution File, Format Version 12.00
# Visual Studio Version 17
VisualStudioVersion = 17.2.32516.85
MinimumVisualStudioVersion = 10.0.40219.1
Project("{FAE04EC0-301F-11D3-BF4B-00C04F79EFBC}") = "Hospital_Management_System", "Hospital_Management_System\Hospital_Management_System.csproj", "{21FF063A-8C91-40AF-A1BB-030A3B95E4DC}"
EndProject
Global
	GlobalSection(SolutionConfigurationPlatforms) = preSolution
		Debug|Any CPU = Debug|Any CPU
		Release|Any CPU = Release|Any CPU
	EndGlobalSection
	GlobalSection(ProjectConfigurationPlatforms) = postSolution
		{21FF063A-8C91-40AF-A1BB-030A3B95E4DC}.Debug|Any CPU.ActiveCfg = Debug|Any CPU
		{21FF063A-8C91-40AF-A1BB-030A3B95E4DC}.Debug|Any CPU.Build.0 = Debug|Any CPU
		{21FF063A-8C91-40AF-A1BB-030A3B95E4DC}.Release|Any CPU.ActiveCfg = Release|Any CPU
		{21FF063A-8C91-40AF-A1BB-030A3B95E4DC}.Release|Any CPU.Build.0 = Release|Any CPU
	EndGlobalSection
	GlobalSection(SolutionProperties) = preSolution
		HideSolutionNode = FALSE
	EndGlobalSection
	GlobalSection(ExtensibilityGlobals) = postSolution
		SolutionGuid = {44E12C4E-1343-4292-AED4-B578752FFE6A}
	EndGlobalSection
EndGlobal
